Microsoft Visual Studio Solution File, Format Version 12.00
# Visual Studio 2012
Project("{FAE04EC0-301F-11D3-BF4B-00C04F79EFBC}") = "SATTest", "SATTest\SATTest.csproj", "{48F4AD64-3E45-4058-B8BD-45061392C046}"
EndProject
Project("{FAE04EC0-301F-11D3-BF4B-00C04F79EFBC}") = "Tests", "Tests\Tests.csproj", "{B89D9E6F-8879-45F3-AB7F-82932A94BA78}"
EndProject
Project("{2150E333-8FDC-42A3-9474-1A3956D46DE8}") = "Solution Items", "Solution Items", "{63837866-78D1-459B-AC67-F7194D53D44B}"
	ProjectSection(SolutionItems) = preProject
		Local.testsettings = Local.testsettings
		Orbit.vsmdi = Orbit.vsmdi
		TraceAndTestImpact.testsettings = TraceAndTestImpact.testsettings
	EndProjectSection
EndProject
Project("{FAE04EC0-301F-11D3-BF4B-00C04F79EFBC}") = "MasterServer", "MasterServer\MasterServer.csproj", "{6F766DC5-82F2-4B4E-868D-45E70BFCDA4D}"
EndProject
Project("{FAE04EC0-301F-11D3-BF4B-00C04F79EFBC}") = "Lidgren.Network", "Lidgren.Network\Lidgren.Network.csproj", "{49BA1C69-6104-41AC-A5D8-B54FA9F696E8}"
EndProject
Project("{FAE04EC0-301F-11D3-BF4B-00C04F79EFBC}") = "ApplicationWin", "ApplicationWin\ApplicationWin.csproj", "{ED26714B-4D3C-48F0-B47B-4D95014728FB}"
EndProject
Project("{FAE04EC0-301F-11D3-BF4B-00C04F79EFBC}") = "Common", "Common\Common.csproj", "{975CA08B-4F61-41F3-A83E-CE6575BCCF6F}"
EndProject
Project("{FAE04EC0-301F-11D3-BF4B-00C04F79EFBC}") = "Content", "Content\Content.contentproj", "{E26119DA-2BD4-422E-84FF-E89757FA8F96}"
EndProject
Global
	GlobalSection(TestCaseManagementSettings) = postSolution
		CategoryFile = Orbit.vsmdi
	EndGlobalSection
	GlobalSection(SolutionConfigurationPlatforms) = preSolution
		Android|Any CPU = Android|Any CPU
		Android|Mixed Platforms = Android|Mixed Platforms
		Android|x86 = Android|x86
		Debug Auto Tournament|Any CPU = Debug Auto Tournament|Any CPU
		Debug Auto Tournament|Mixed Platforms = Debug Auto Tournament|Mixed Platforms
		Debug Auto Tournament|x86 = Debug Auto Tournament|x86
		Debug verbose|Any CPU = Debug verbose|Any CPU
		Debug verbose|Mixed Platforms = Debug verbose|Mixed Platforms
		Debug verbose|x86 = Debug verbose|x86
		Debug|Any CPU = Debug|Any CPU
		Debug|Mixed Platforms = Debug|Mixed Platforms
		Debug|x86 = Debug|x86
		iOS|Any CPU = iOS|Any CPU
		iOS|Mixed Platforms = iOS|Mixed Platforms
		iOS|x86 = iOS|x86
		Linux|Any CPU = Linux|Any CPU
		Linux|Mixed Platforms = Linux|Mixed Platforms
		Linux|x86 = Linux|x86
		OSX|Any CPU = OSX|Any CPU
		OSX|Mixed Platforms = OSX|Mixed Platforms
		OSX|x86 = OSX|x86
		PSM|Any CPU = PSM|Any CPU
		PSM|Mixed Platforms = PSM|Mixed Platforms
		PSM|x86 = PSM|x86
		Release server|Any CPU = Release server|Any CPU
		Release server|Mixed Platforms = Release server|Mixed Platforms
		Release server|x86 = Release server|x86
		Release|Any CPU = Release|Any CPU
		Release|Mixed Platforms = Release|Mixed Platforms
		Release|x86 = Release|x86
		Windows|Any CPU = Windows|Any CPU
		Windows|Mixed Platforms = Windows|Mixed Platforms
		Windows|x86 = Windows|x86
		Windows8|Any CPU = Windows8|Any CPU
		Windows8|Mixed Platforms = Windows8|Mixed Platforms
		Windows8|x86 = Windows8|x86
	EndGlobalSection
	GlobalSection(ProjectConfigurationPlatforms) = postSolution
		{48F4AD64-3E45-4058-B8BD-45061392C046}.Android|Any CPU.ActiveCfg = Release|x86
		{48F4AD64-3E45-4058-B8BD-45061392C046}.Android|Mixed Platforms.ActiveCfg = Release|x86
		{48F4AD64-3E45-4058-B8BD-45061392C046}.Android|x86.ActiveCfg = Release|x86
		{48F4AD64-3E45-4058-B8BD-45061392C046}.Android|x86.Build.0 = Release|x86
		{48F4AD64-3E45-4058-B8BD-45061392C046}.Debug Auto Tournament|Any CPU.ActiveCfg = Debug Auto Tournament|x86
		{48F4AD64-3E45-4058-B8BD-45061392C046}.Debug Auto Tournament|Mixed Platforms.ActiveCfg = Debug Auto Tournament|x86
		{48F4AD64-3E45-4058-B8BD-45061392C046}.Debug Auto Tournament|x86.ActiveCfg = Debug Auto Tournament|x86
		{48F4AD64-3E45-4058-B8BD-45061392C046}.Debug verbose|Any CPU.ActiveCfg = Debug|x86
		{48F4AD64-3E45-4058-B8BD-45061392C046}.Debug verbose|Mixed Platforms.ActiveCfg = Debug|x86
		{48F4AD64-3E45-4058-B8BD-45061392C046}.Debug verbose|x86.ActiveCfg = Debug|x86
		{48F4AD64-3E45-4058-B8BD-45061392C046}.Debug|Any CPU.ActiveCfg = Debug|x86
		{48F4AD64-3E45-4058-B8BD-45061392C046}.Debug|Mixed Platforms.ActiveCfg = Debug|x86
		{48F4AD64-3E45-4058-B8BD-45061392C046}.Debug|x86.ActiveCfg = Debug|x86
		{48F4AD64-3E45-4058-B8BD-45061392C046}.iOS|Any CPU.ActiveCfg = Release|x86
		{48F4AD64-3E45-4058-B8BD-45061392C046}.iOS|Mixed Platforms.ActiveCfg = Release|x86
		{48F4AD64-3E45-4058-B8BD-45061392C046}.iOS|x86.ActiveCfg = Release|x86
		{48F4AD64-3E45-4058-B8BD-45061392C046}.iOS|x86.Build.0 = Release|x86
		{48F4AD64-3E45-4058-B8BD-45061392C046}.Linux|Any CPU.ActiveCfg = Release|x86
		{48F4AD64-3E45-4058-B8BD-45061392C046}.Linux|Mixed Platforms.ActiveCfg = Release|x86
		{48F4AD64-3E45-4058-B8BD-45061392C046}.Linux|x86.ActiveCfg = Release|x86
		{48F4AD64-3E45-4058-B8BD-45061392C046}.Linux|x86.Build.0 = Release|x86
		{48F4AD64-3E45-4058-B8BD-45061392C046}.OSX|Any CPU.ActiveCfg = Release|x86
		{48F4AD64-3E45-4058-B8BD-45061392C046}.OSX|Mixed Platforms.ActiveCfg = Release|x86
		{48F4AD64-3E45-4058-B8BD-45061392C046}.OSX|x86.ActiveCfg = Release|x86
		{48F4AD64-3E45-4058-B8BD-45061392C046}.OSX|x86.Build.0 = Release|x86
		{48F4AD64-3E45-4058-B8BD-45061392C046}.PSM|Any CPU.ActiveCfg = Release|x86
		{48F4AD64-3E45-4058-B8BD-45061392C046}.PSM|Mixed Platforms.ActiveCfg = Release|x86
		{48F4AD64-3E45-4058-B8BD-45061392C046}.PSM|x86.ActiveCfg = Release|x86
		{48F4AD64-3E45-4058-B8BD-45061392C046}.PSM|x86.Build.0 = Release|x86
		{48F4AD64-3E45-4058-B8BD-45061392C046}.Release server|Any CPU.ActiveCfg = Release|x86
		{48F4AD64-3E45-4058-B8BD-45061392C046}.Release server|Mixed Platforms.ActiveCfg = Release|x86
		{48F4AD64-3E45-4058-B8BD-45061392C046}.Release server|x86.ActiveCfg = Release|x86
		{48F4AD64-3E45-4058-B8BD-45061392C046}.Release server|x86.Build.0 = Release|x86
		{48F4AD64-3E45-4058-B8BD-45061392C046}.Release|Any CPU.ActiveCfg = Release|x86
		{48F4AD64-3E45-4058-B8BD-45061392C046}.Release|Mixed Platforms.ActiveCfg = Release|x86
		{48F4AD64-3E45-4058-B8BD-45061392C046}.Release|x86.ActiveCfg = Release|x86
		{48F4AD64-3E45-4058-B8BD-45061392C046}.Windows|Any CPU.ActiveCfg = Release|x86
		{48F4AD64-3E45-4058-B8BD-45061392C046}.Windows|Mixed Platforms.ActiveCfg = Release|x86
		{48F4AD64-3E45-4058-B8BD-45061392C046}.Windows|x86.ActiveCfg = Release|x86
		{48F4AD64-3E45-4058-B8BD-45061392C046}.Windows|x86.Build.0 = Release|x86
		{48F4AD64-3E45-4058-B8BD-45061392C046}.Windows8|Any CPU.ActiveCfg = Release|x86
		{48F4AD64-3E45-4058-B8BD-45061392C046}.Windows8|Mixed Platforms.ActiveCfg = Release|x86
		{48F4AD64-3E45-4058-B8BD-45061392C046}.Windows8|x86.ActiveCfg = Release|x86
		{48F4AD64-3E45-4058-B8BD-45061392C046}.Windows8|x86.Build.0 = Release|x86
		{B89D9E6F-8879-45F3-AB7F-82932A94BA78}.Android|Any CPU.ActiveCfg = Release|Any CPU
		{B89D9E6F-8879-45F3-AB7F-82932A94BA78}.Android|Any CPU.Build.0 = Release|Any CPU
		{B89D9E6F-8879-45F3-AB7F-82932A94BA78}.Android|Mixed Platforms.ActiveCfg = Release|Any CPU
		{B89D9E6F-8879-45F3-AB7F-82932A94BA78}.Android|x86.ActiveCfg = Release|Any CPU
		{B89D9E6F-8879-45F3-AB7F-82932A94BA78}.Debug Auto Tournament|Any CPU.ActiveCfg = Debug Auto Tournament|Any CPU
		{B89D9E6F-8879-45F3-AB7F-82932A94BA78}.Debug Auto Tournament|Mixed Platforms.ActiveCfg = Debug Auto Tournament|Any CPU
		{B89D9E6F-8879-45F3-AB7F-82932A94BA78}.Debug Auto Tournament|x86.ActiveCfg = Debug Auto Tournament|Any CPU
		{B89D9E6F-8879-45F3-AB7F-82932A94BA78}.Debug verbose|Any CPU.ActiveCfg = Debug|Any CPU
		{B89D9E6F-8879-45F3-AB7F-82932A94BA78}.Debug verbose|Mixed Platforms.ActiveCfg = Debug|Any CPU
		{B89D9E6F-8879-45F3-AB7F-82932A94BA78}.Debug verbose|x86.ActiveCfg = Debug|Any CPU
		{B89D9E6F-8879-45F3-AB7F-82932A94BA78}.Debug|Any CPU.ActiveCfg = Debug|Any CPU
		{B89D9E6F-8879-45F3-AB7F-82932A94BA78}.Debug|Mixed Platforms.ActiveCfg = Debug|Any CPU
		{B89D9E6F-8879-45F3-AB7F-82932A94BA78}.Debug|x86.ActiveCfg = Debug|Any CPU
		{B89D9E6F-8879-45F3-AB7F-82932A94BA78}.iOS|Any CPU.ActiveCfg = Release|Any CPU
		{B89D9E6F-8879-45F3-AB7F-82932A94BA78}.iOS|Any CPU.Build.0 = Release|Any CPU
		{B89D9E6F-8879-45F3-AB7F-82932A94BA78}.iOS|Mixed Platforms.ActiveCfg = Release|Any CPU
		{B89D9E6F-8879-45F3-AB7F-82932A94BA78}.iOS|x86.ActiveCfg = Release|Any CPU
		{B89D9E6F-8879-45F3-AB7F-82932A94BA78}.Linux|Any CPU.ActiveCfg = Release|Any CPU
		{B89D9E6F-8879-45F3-AB7F-82932A94BA78}.Linux|Any CPU.Build.0 = Release|Any CPU
		{B89D9E6F-8879-45F3-AB7F-82932A94BA78}.Linux|Mixed Platforms.ActiveCfg = Release|Any CPU
		{B89D9E6F-8879-45F3-AB7F-82932A94BA78}.Linux|x86.ActiveCfg = Release|Any CPU
		{B89D9E6F-8879-45F3-AB7F-82932A94BA78}.OSX|Any CPU.ActiveCfg = Release|Any CPU
		{B89D9E6F-8879-45F3-AB7F-82932A94BA78}.OSX|Any CPU.Build.0 = Release|Any CPU
		{B89D9E6F-8879-45F3-AB7F-82932A94BA78}.OSX|Mixed Platforms.ActiveCfg = Release|Any CPU
		{B89D9E6F-8879-45F3-AB7F-82932A94BA78}.OSX|x86.ActiveCfg = Release|Any CPU
		{B89D9E6F-8879-45F3-AB7F-82932A94BA78}.PSM|Any CPU.ActiveCfg = Release|Any CPU
		{B89D9E6F-8879-45F3-AB7F-82932A94BA78}.PSM|Any CPU.Build.0 = Release|Any CPU
		{B89D9E6F-8879-45F3-AB7F-82932A94BA78}.PSM|Mixed Platforms.ActiveCfg = Release|Any CPU
		{B89D9E6F-8879-45F3-AB7F-82932A94BA78}.PSM|x86.ActiveCfg = Release|Any CPU
		{B89D9E6F-8879-45F3-AB7F-82932A94BA78}.Release server|Any CPU.ActiveCfg = Release|Any CPU
		{B89D9E6F-8879-45F3-AB7F-82932A94BA78}.Release server|Mixed Platforms.ActiveCfg = Release|Any CPU
		{B89D9E6F-8879-45F3-AB7F-82932A94BA78}.Release server|x86.ActiveCfg = Release|Any CPU
		{B89D9E6F-8879-45F3-AB7F-82932A94BA78}.Release|Any CPU.ActiveCfg = Release|Any CPU
		{B89D9E6F-8879-45F3-AB7F-82932A94BA78}.Release|Mixed Platforms.ActiveCfg = Release|Any CPU
		{B89D9E6F-8879-45F3-AB7F-82932A94BA78}.Release|x86.ActiveCfg = Release|Any CPU
		{B89D9E6F-8879-45F3-AB7F-82932A94BA78}.Windows|Any CPU.ActiveCfg = Release|Any CPU
		{B89D9E6F-8879-45F3-AB7F-82932A94BA78}.Windows|Any CPU.Build.0 = Release|Any CPU
		{B89D9E6F-8879-45F3-AB7F-82932A94BA78}.Windows|Mixed Platforms.ActiveCfg = Release|Any CPU
		{B89D9E6F-8879-45F3-AB7F-82932A94BA78}.Windows|x86.ActiveCfg = Release|Any CPU
		{B89D9E6F-8879-45F3-AB7F-82932A94BA78}.Windows8|Any CPU.ActiveCfg = Release|Any CPU
		{B89D9E6F-8879-45F3-AB7F-82932A94BA78}.Windows8|Any CPU.Build.0 = Release|Any CPU
		{B89D9E6F-8879-45F3-AB7F-82932A94BA78}.Windows8|Mixed Platforms.ActiveCfg = Release|Any CPU
		{B89D9E6F-8879-45F3-AB7F-82932A94BA78}.Windows8|x86.ActiveCfg = Release|Any CPU
		{6F766DC5-82F2-4B4E-868D-45E70BFCDA4D}.Android|Any CPU.ActiveCfg = Release|Any CPU
		{6F766DC5-82F2-4B4E-868D-45E70BFCDA4D}.Android|Any CPU.Build.0 = Release|Any CPU
		{6F766DC5-82F2-4B4E-868D-45E70BFCDA4D}.Android|Mixed Platforms.ActiveCfg = Release|Any CPU
		{6F766DC5-82F2-4B4E-868D-45E70BFCDA4D}.Android|Mixed Platforms.Build.0 = Release|Any CPU
		{6F766DC5-82F2-4B4E-868D-45E70BFCDA4D}.Android|x86.ActiveCfg = Release|Any CPU
		{6F766DC5-82F2-4B4E-868D-45E70BFCDA4D}.Debug Auto Tournament|Any CPU.ActiveCfg = Debug Auto Tournament|Any CPU
		{6F766DC5-82F2-4B4E-868D-45E70BFCDA4D}.Debug Auto Tournament|Any CPU.Build.0 = Debug Auto Tournament|Any CPU
		{6F766DC5-82F2-4B4E-868D-45E70BFCDA4D}.Debug Auto Tournament|Mixed Platforms.ActiveCfg = Debug Auto Tournament|Any CPU
		{6F766DC5-82F2-4B4E-868D-45E70BFCDA4D}.Debug Auto Tournament|Mixed Platforms.Build.0 = Debug Auto Tournament|Any CPU
		{6F766DC5-82F2-4B4E-868D-45E70BFCDA4D}.Debug Auto Tournament|x86.ActiveCfg = Debug Auto Tournament|Any CPU
		{6F766DC5-82F2-4B4E-868D-45E70BFCDA4D}.Debug verbose|Any CPU.ActiveCfg = Debug|Any CPU
		{6F766DC5-82F2-4B4E-868D-45E70BFCDA4D}.Debug verbose|Any CPU.Build.0 = Debug|Any CPU
		{6F766DC5-82F2-4B4E-868D-45E70BFCDA4D}.Debug verbose|Mixed Platforms.ActiveCfg = Debug|Any CPU
		{6F766DC5-82F2-4B4E-868D-45E70BFCDA4D}.Debug verbose|Mixed Platforms.Build.0 = Debug|Any CPU
		{6F766DC5-82F2-4B4E-868D-45E70BFCDA4D}.Debug verbose|x86.ActiveCfg = Debug|Any CPU
		{6F766DC5-82F2-4B4E-868D-45E70BFCDA4D}.Debug verbose|x86.Build.0 = Debug|Any CPU
		{6F766DC5-82F2-4B4E-868D-45E70BFCDA4D}.Debug|Any CPU.ActiveCfg = Debug|Any CPU
		{6F766DC5-82F2-4B4E-868D-45E70BFCDA4D}.Debug|Any CPU.Build.0 = Debug|Any CPU
		{6F766DC5-82F2-4B4E-868D-45E70BFCDA4D}.Debug|Mixed Platforms.ActiveCfg = Debug|Any CPU
		{6F766DC5-82F2-4B4E-868D-45E70BFCDA4D}.Debug|Mixed Platforms.Build.0 = Debug|Any CPU
		{6F766DC5-82F2-4B4E-868D-45E70BFCDA4D}.Debug|x86.ActiveCfg = Debug|Any CPU
		{6F766DC5-82F2-4B4E-868D-45E70BFCDA4D}.Debug|x86.Build.0 = Debug|Any CPU
		{6F766DC5-82F2-4B4E-868D-45E70BFCDA4D}.iOS|Any CPU.ActiveCfg = Release|Any CPU
		{6F766DC5-82F2-4B4E-868D-45E70BFCDA4D}.iOS|Any CPU.Build.0 = Release|Any CPU
		{6F766DC5-82F2-4B4E-868D-45E70BFCDA4D}.iOS|Mixed Platforms.ActiveCfg = Release|Any CPU
		{6F766DC5-82F2-4B4E-868D-45E70BFCDA4D}.iOS|Mixed Platforms.Build.0 = Release|Any CPU
		{6F766DC5-82F2-4B4E-868D-45E70BFCDA4D}.iOS|x86.ActiveCfg = Release|Any CPU
		{6F766DC5-82F2-4B4E-868D-45E70BFCDA4D}.Linux|Any CPU.ActiveCfg = Release|Any CPU
		{6F766DC5-82F2-4B4E-868D-45E70BFCDA4D}.Linux|Any CPU.Build.0 = Release|Any CPU
		{6F766DC5-82F2-4B4E-868D-45E70BFCDA4D}.Linux|Mixed Platforms.ActiveCfg = Release|Any CPU
		{6F766DC5-82F2-4B4E-868D-45E70BFCDA4D}.Linux|Mixed Platforms.Build.0 = Release|Any CPU
		{6F766DC5-82F2-4B4E-868D-45E70BFCDA4D}.Linux|x86.ActiveCfg = Release|Any CPU
		{6F766DC5-82F2-4B4E-868D-45E70BFCDA4D}.OSX|Any CPU.ActiveCfg = Release|Any CPU
		{6F766DC5-82F2-4B4E-868D-45E70BFCDA4D}.OSX|Any CPU.Build.0 = Release|Any CPU
		{6F766DC5-82F2-4B4E-868D-45E70BFCDA4D}.OSX|Mixed Platforms.ActiveCfg = Release|Any CPU
		{6F766DC5-82F2-4B4E-868D-45E70BFCDA4D}.OSX|Mixed Platforms.Build.0 = Release|Any CPU
		{6F766DC5-82F2-4B4E-868D-45E70BFCDA4D}.OSX|x86.ActiveCfg = Release|Any CPU
		{6F766DC5-82F2-4B4E-868D-45E70BFCDA4D}.PSM|Any CPU.ActiveCfg = Release|Any CPU
		{6F766DC5-82F2-4B4E-868D-45E70BFCDA4D}.PSM|Any CPU.Build.0 = Release|Any CPU
		{6F766DC5-82F2-4B4E-868D-45E70BFCDA4D}.PSM|Mixed Platforms.ActiveCfg = Release|Any CPU
		{6F766DC5-82F2-4B4E-868D-45E70BFCDA4D}.PSM|Mixed Platforms.Build.0 = Release|Any CPU
		{6F766DC5-82F2-4B4E-868D-45E70BFCDA4D}.PSM|x86.ActiveCfg = Release|Any CPU
		{6F766DC5-82F2-4B4E-868D-45E70BFCDA4D}.Release server|Any CPU.ActiveCfg = Release|Any CPU
		{6F766DC5-82F2-4B4E-868D-45E70BFCDA4D}.Release server|Any CPU.Build.0 = Release|Any CPU
		{6F766DC5-82F2-4B4E-868D-45E70BFCDA4D}.Release server|Mixed Platforms.ActiveCfg = Release|Any CPU
		{6F766DC5-82F2-4B4E-868D-45E70BFCDA4D}.Release server|Mixed Platforms.Build.0 = Release|Any CPU
		{6F766DC5-82F2-4B4E-868D-45E70BFCDA4D}.Release server|x86.ActiveCfg = Release|Any CPU
		{6F766DC5-82F2-4B4E-868D-45E70BFCDA4D}.Release|Any CPU.ActiveCfg = Release|Any CPU
		{6F766DC5-82F2-4B4E-868D-45E70BFCDA4D}.Release|Mixed Platforms.ActiveCfg = Release|Any CPU
		{6F766DC5-82F2-4B4E-868D-45E70BFCDA4D}.Release|x86.ActiveCfg = Debug|Any CPU
		{6F766DC5-82F2-4B4E-868D-45E70BFCDA4D}.Windows|Any CPU.ActiveCfg = Release|Any CPU
		{6F766DC5-82F2-4B4E-868D-45E70BFCDA4D}.Windows|Any CPU.Build.0 = Release|Any CPU
		{6F766DC5-82F2-4B4E-868D-45E70BFCDA4D}.Windows|Mixed Platforms.ActiveCfg = Release|Any CPU
		{6F766DC5-82F2-4B4E-868D-45E70BFCDA4D}.Windows|Mixed Platforms.Build.0 = Release|Any CPU
		{6F766DC5-82F2-4B4E-868D-45E70BFCDA4D}.Windows|x86.ActiveCfg = Release|Any CPU
		{6F766DC5-82F2-4B4E-868D-45E70BFCDA4D}.Windows8|Any CPU.ActiveCfg = Release|Any CPU
		{6F766DC5-82F2-4B4E-868D-45E70BFCDA4D}.Windows8|Any CPU.Build.0 = Release|Any CPU
		{6F766DC5-82F2-4B4E-868D-45E70BFCDA4D}.Windows8|Mixed Platforms.ActiveCfg = Release|Any CPU
		{6F766DC5-82F2-4B4E-868D-45E70BFCDA4D}.Windows8|Mixed Platforms.Build.0 = Release|Any CPU
		{6F766DC5-82F2-4B4E-868D-45E70BFCDA4D}.Windows8|x86.ActiveCfg = Release|Any CPU
		{49BA1C69-6104-41AC-A5D8-B54FA9F696E8}.Android|Any CPU.ActiveCfg = Release|Any CPU
		{49BA1C69-6104-41AC-A5D8-B54FA9F696E8}.Android|Any CPU.Build.0 = Release|Any CPU
		{49BA1C69-6104-41AC-A5D8-B54FA9F696E8}.Android|Mixed Platforms.ActiveCfg = Release|Any CPU
		{49BA1C69-6104-41AC-A5D8-B54FA9F696E8}.Android|Mixed Platforms.Build.0 = Release|Any CPU
		{49BA1C69-6104-41AC-A5D8-B54FA9F696E8}.Android|x86.ActiveCfg = Release|Any CPU
		{49BA1C69-6104-41AC-A5D8-B54FA9F696E8}.Debug Auto Tournament|Any CPU.ActiveCfg = Debug Auto Tournament|Any CPU
		{49BA1C69-6104-41AC-A5D8-B54FA9F696E8}.Debug Auto Tournament|Any CPU.Build.0 = Debug Auto Tournament|Any CPU
		{49BA1C69-6104-41AC-A5D8-B54FA9F696E8}.Debug Auto Tournament|Mixed Platforms.ActiveCfg = Debug|Any CPU
		{49BA1C69-6104-41AC-A5D8-B54FA9F696E8}.Debug Auto Tournament|Mixed Platforms.Build.0 = Debug|Any CPU
		{49BA1C69-6104-41AC-A5D8-B54FA9F696E8}.Debug Auto Tournament|x86.ActiveCfg = Debug Auto Tournament|Any CPU
		{49BA1C69-6104-41AC-A5D8-B54FA9F696E8}.Debug verbose|Any CPU.ActiveCfg = Debug|Any CPU
		{49BA1C69-6104-41AC-A5D8-B54FA9F696E8}.Debug verbose|Any CPU.Build.0 = Debug|Any CPU
		{49BA1C69-6104-41AC-A5D8-B54FA9F696E8}.Debug verbose|Mixed Platforms.ActiveCfg = Debug|Any CPU
		{49BA1C69-6104-41AC-A5D8-B54FA9F696E8}.Debug verbose|Mixed Platforms.Build.0 = Debug|Any CPU
		{49BA1C69-6104-41AC-A5D8-B54FA9F696E8}.Debug verbose|x86.ActiveCfg = Debug|Any CPU
		{49BA1C69-6104-41AC-A5D8-B54FA9F696E8}.Debug verbose|x86.Build.0 = Debug|Any CPU
		{49BA1C69-6104-41AC-A5D8-B54FA9F696E8}.Debug|Any CPU.ActiveCfg = Debug|Any CPU
		{49BA1C69-6104-41AC-A5D8-B54FA9F696E8}.Debug|Any CPU.Build.0 = Debug|Any CPU
		{49BA1C69-6104-41AC-A5D8-B54FA9F696E8}.Debug|Mixed Platforms.ActiveCfg = Debug|Any CPU
		{49BA1C69-6104-41AC-A5D8-B54FA9F696E8}.Debug|Mixed Platforms.Build.0 = Debug|Any CPU
		{49BA1C69-6104-41AC-A5D8-B54FA9F696E8}.Debug|x86.ActiveCfg = Debug|Any CPU
		{49BA1C69-6104-41AC-A5D8-B54FA9F696E8}.Debug|x86.Build.0 = Debug|Any CPU
		{49BA1C69-6104-41AC-A5D8-B54FA9F696E8}.iOS|Any CPU.ActiveCfg = Release|Any CPU
		{49BA1C69-6104-41AC-A5D8-B54FA9F696E8}.iOS|Any CPU.Build.0 = Release|Any CPU
		{49BA1C69-6104-41AC-A5D8-B54FA9F696E8}.iOS|Mixed Platforms.ActiveCfg = Release|Any CPU
		{49BA1C69-6104-41AC-A5D8-B54FA9F696E8}.iOS|Mixed Platforms.Build.0 = Release|Any CPU
		{49BA1C69-6104-41AC-A5D8-B54FA9F696E8}.iOS|x86.ActiveCfg = Release|Any CPU
		{49BA1C69-6104-41AC-A5D8-B54FA9F696E8}.Linux|Any CPU.ActiveCfg = Release|Any CPU
		{49BA1C69-6104-41AC-A5D8-B54FA9F696E8}.Linux|Any CPU.Build.0 = Release|Any CPU
		{49BA1C69-6104-41AC-A5D8-B54FA9F696E8}.Linux|Mixed Platforms.ActiveCfg = Release|Any CPU
		{49BA1C69-6104-41AC-A5D8-B54FA9F696E8}.Linux|Mixed Platforms.Build.0 = Release|Any CPU
		{49BA1C69-6104-41AC-A5D8-B54FA9F696E8}.Linux|x86.ActiveCfg = Release|Any CPU
		{49BA1C69-6104-41AC-A5D8-B54FA9F696E8}.OSX|Any CPU.ActiveCfg = Release|Any CPU
		{49BA1C69-6104-41AC-A5D8-B54FA9F696E8}.OSX|Any CPU.Build.0 = Release|Any CPU
		{49BA1C69-6104-41AC-A5D8-B54FA9F696E8}.OSX|Mixed Platforms.ActiveCfg = Release|Any CPU
		{49BA1C69-6104-41AC-A5D8-B54FA9F696E8}.OSX|Mixed Platforms.Build.0 = Release|Any CPU
		{49BA1C69-6104-41AC-A5D8-B54FA9F696E8}.OSX|x86.ActiveCfg = Release|Any CPU
		{49BA1C69-6104-41AC-A5D8-B54FA9F696E8}.PSM|Any CPU.ActiveCfg = Release|Any CPU
		{49BA1C69-6104-41AC-A5D8-B54FA9F696E8}.PSM|Any CPU.Build.0 = Release|Any CPU
		{49BA1C69-6104-41AC-A5D8-B54FA9F696E8}.PSM|Mixed Platforms.ActiveCfg = Release|Any CPU
		{49BA1C69-6104-41AC-A5D8-B54FA9F696E8}.PSM|Mixed Platforms.Build.0 = Release|Any CPU
		{49BA1C69-6104-41AC-A5D8-B54FA9F696E8}.PSM|x86.ActiveCfg = Release|Any CPU
		{49BA1C69-6104-41AC-A5D8-B54FA9F696E8}.Release server|Any CPU.ActiveCfg = Release|Any CPU
		{49BA1C69-6104-41AC-A5D8-B54FA9F696E8}.Release server|Any CPU.Build.0 = Release|Any CPU
		{49BA1C69-6104-41AC-A5D8-B54FA9F696E8}.Release server|Mixed Platforms.ActiveCfg = Release|Any CPU
		{49BA1C69-6104-41AC-A5D8-B54FA9F696E8}.Release server|Mixed Platforms.Build.0 = Release|Any CPU
		{49BA1C69-6104-41AC-A5D8-B54FA9F696E8}.Release server|x86.ActiveCfg = Release|Any CPU
		{49BA1C69-6104-41AC-A5D8-B54FA9F696E8}.Release|Any CPU.ActiveCfg = Release|Any CPU
		{49BA1C69-6104-41AC-A5D8-B54FA9F696E8}.Release|Any CPU.Build.0 = Release|Any CPU
		{49BA1C69-6104-41AC-A5D8-B54FA9F696E8}.Release|Mixed Platforms.ActiveCfg = Release|Any CPU
		{49BA1C69-6104-41AC-A5D8-B54FA9F696E8}.Release|Mixed Platforms.Build.0 = Release|Any CPU
		{49BA1C69-6104-41AC-A5D8-B54FA9F696E8}.Release|x86.ActiveCfg = Release|Any CPU
		{49BA1C69-6104-41AC-A5D8-B54FA9F696E8}.Release|x86.Build.0 = Release|Any CPU
		{49BA1C69-6104-41AC-A5D8-B54FA9F696E8}.Windows|Any CPU.ActiveCfg = Release|Any CPU
		{49BA1C69-6104-41AC-A5D8-B54FA9F696E8}.Windows|Any CPU.Build.0 = Release|Any CPU
		{49BA1C69-6104-41AC-A5D8-B54FA9F696E8}.Windows|Mixed Platforms.ActiveCfg = Release|Any CPU
		{49BA1C69-6104-41AC-A5D8-B54FA9F696E8}.Windows|Mixed Platforms.Build.0 = Release|Any CPU
		{49BA1C69-6104-41AC-A5D8-B54FA9F696E8}.Windows|x86.ActiveCfg = Release|Any CPU
		{49BA1C69-6104-41AC-A5D8-B54FA9F696E8}.Windows8|Any CPU.ActiveCfg = Release|Any CPU
		{49BA1C69-6104-41AC-A5D8-B54FA9F696E8}.Windows8|Any CPU.Build.0 = Release|Any CPU
		{49BA1C69-6104-41AC-A5D8-B54FA9F696E8}.Windows8|Mixed Platforms.ActiveCfg = Release|Any CPU
		{49BA1C69-6104-41AC-A5D8-B54FA9F696E8}.Windows8|Mixed Platforms.Build.0 = Release|Any CPU
		{49BA1C69-6104-41AC-A5D8-B54FA9F696E8}.Windows8|x86.ActiveCfg = Release|Any CPU
		{ED26714B-4D3C-48F0-B47B-4D95014728FB}.Android|Any CPU.ActiveCfg = Release|x86
		{ED26714B-4D3C-48F0-B47B-4D95014728FB}.Android|Mixed Platforms.ActiveCfg = Release|x86
		{ED26714B-4D3C-48F0-B47B-4D95014728FB}.Android|x86.ActiveCfg = Release|x86
		{ED26714B-4D3C-48F0-B47B-4D95014728FB}.Android|x86.Build.0 = Release|x86
		{ED26714B-4D3C-48F0-B47B-4D95014728FB}.Debug Auto Tournament|Any CPU.ActiveCfg = Debug|x86
		{ED26714B-4D3C-48F0-B47B-4D95014728FB}.Debug Auto Tournament|Mixed Platforms.ActiveCfg = Debug|x86
		{ED26714B-4D3C-48F0-B47B-4D95014728FB}.Debug Auto Tournament|Mixed Platforms.Build.0 = Debug|x86
		{ED26714B-4D3C-48F0-B47B-4D95014728FB}.Debug Auto Tournament|x86.ActiveCfg = Debug|x86
		{ED26714B-4D3C-48F0-B47B-4D95014728FB}.Debug Auto Tournament|x86.Build.0 = Debug|x86
		{ED26714B-4D3C-48F0-B47B-4D95014728FB}.Debug verbose|Any CPU.ActiveCfg = Debug|x86
		{ED26714B-4D3C-48F0-B47B-4D95014728FB}.Debug verbose|Mixed Platforms.ActiveCfg = Debug|x86
		{ED26714B-4D3C-48F0-B47B-4D95014728FB}.Debug verbose|Mixed Platforms.Build.0 = Debug|x86
		{ED26714B-4D3C-48F0-B47B-4D95014728FB}.Debug verbose|x86.ActiveCfg = Debug|x86
		{ED26714B-4D3C-48F0-B47B-4D95014728FB}.Debug verbose|x86.Build.0 = Debug|x86
		{ED26714B-4D3C-48F0-B47B-4D95014728FB}.Debug|Any CPU.ActiveCfg = Debug|x86
		{ED26714B-4D3C-48F0-B47B-4D95014728FB}.Debug|Mixed Platforms.ActiveCfg = Debug|x86
		{ED26714B-4D3C-48F0-B47B-4D95014728FB}.Debug|Mixed Platforms.Build.0 = Debug|x86
		{ED26714B-4D3C-48F0-B47B-4D95014728FB}.Debug|x86.ActiveCfg = Debug|x86
		{ED26714B-4D3C-48F0-B47B-4D95014728FB}.Debug|x86.Build.0 = Debug|x86
		{ED26714B-4D3C-48F0-B47B-4D95014728FB}.iOS|Any CPU.ActiveCfg = Release|x86
		{ED26714B-4D3C-48F0-B47B-4D95014728FB}.iOS|Mixed Platforms.ActiveCfg = Release|x86
		{ED26714B-4D3C-48F0-B47B-4D95014728FB}.iOS|x86.ActiveCfg = Release|x86
		{ED26714B-4D3C-48F0-B47B-4D95014728FB}.iOS|x86.Build.0 = Release|x86
		{ED26714B-4D3C-48F0-B47B-4D95014728FB}.Linux|Any CPU.ActiveCfg = Release|x86
		{ED26714B-4D3C-48F0-B47B-4D95014728FB}.Linux|Mixed Platforms.ActiveCfg = Release|x86
		{ED26714B-4D3C-48F0-B47B-4D95014728FB}.Linux|x86.ActiveCfg = Release|x86
		{ED26714B-4D3C-48F0-B47B-4D95014728FB}.Linux|x86.Build.0 = Release|x86
		{ED26714B-4D3C-48F0-B47B-4D95014728FB}.OSX|Any CPU.ActiveCfg = Release|x86
		{ED26714B-4D3C-48F0-B47B-4D95014728FB}.OSX|Mixed Platforms.ActiveCfg = Release|x86
		{ED26714B-4D3C-48F0-B47B-4D95014728FB}.OSX|x86.ActiveCfg = Release|x86
		{ED26714B-4D3C-48F0-B47B-4D95014728FB}.OSX|x86.Build.0 = Release|x86
		{ED26714B-4D3C-48F0-B47B-4D95014728FB}.PSM|Any CPU.ActiveCfg = Release|x86
		{ED26714B-4D3C-48F0-B47B-4D95014728FB}.PSM|Mixed Platforms.ActiveCfg = Release|x86
		{ED26714B-4D3C-48F0-B47B-4D95014728FB}.PSM|x86.ActiveCfg = Release|x86
		{ED26714B-4D3C-48F0-B47B-4D95014728FB}.PSM|x86.Build.0 = Release|x86
		{ED26714B-4D3C-48F0-B47B-4D95014728FB}.Release server|Any CPU.ActiveCfg = Release|x86
		{ED26714B-4D3C-48F0-B47B-4D95014728FB}.Release server|Mixed Platforms.ActiveCfg = Release|x86
		{ED26714B-4D3C-48F0-B47B-4D95014728FB}.Release server|Mixed Platforms.Build.0 = Release|x86
		{ED26714B-4D3C-48F0-B47B-4D95014728FB}.Release server|x86.ActiveCfg = Release|x86
		{ED26714B-4D3C-48F0-B47B-4D95014728FB}.Release server|x86.Build.0 = Release|x86
		{ED26714B-4D3C-48F0-B47B-4D95014728FB}.Release|Any CPU.ActiveCfg = Release|x86
		{ED26714B-4D3C-48F0-B47B-4D95014728FB}.Release|Mixed Platforms.ActiveCfg = Release|x86
		{ED26714B-4D3C-48F0-B47B-4D95014728FB}.Release|Mixed Platforms.Build.0 = Release|x86
		{ED26714B-4D3C-48F0-B47B-4D95014728FB}.Release|x86.ActiveCfg = Release|x86
		{ED26714B-4D3C-48F0-B47B-4D95014728FB}.Release|x86.Build.0 = Release|x86
		{ED26714B-4D3C-48F0-B47B-4D95014728FB}.Windows|Any CPU.ActiveCfg = Release|x86
		{ED26714B-4D3C-48F0-B47B-4D95014728FB}.Windows|Mixed Platforms.ActiveCfg = Release|x86
		{ED26714B-4D3C-48F0-B47B-4D95014728FB}.Windows|Mixed Platforms.Build.0 = Release|x86
		{ED26714B-4D3C-48F0-B47B-4D95014728FB}.Windows|x86.ActiveCfg = Release|x86
		{ED26714B-4D3C-48F0-B47B-4D95014728FB}.Windows|x86.Build.0 = Release|x86
		{ED26714B-4D3C-48F0-B47B-4D95014728FB}.Windows8|Any CPU.ActiveCfg = Release|x86
		{ED26714B-4D3C-48F0-B47B-4D95014728FB}.Windows8|Mixed Platforms.ActiveCfg = Release|x86
		{ED26714B-4D3C-48F0-B47B-4D95014728FB}.Windows8|Mixed Platforms.Build.0 = Release|x86
		{ED26714B-4D3C-48F0-B47B-4D95014728FB}.Windows8|x86.ActiveCfg = Release|x86
		{ED26714B-4D3C-48F0-B47B-4D95014728FB}.Windows8|x86.Build.0 = Release|x86
		{975CA08B-4F61-41F3-A83E-CE6575BCCF6F}.Android|Any CPU.ActiveCfg = Android|Any CPU
		{975CA08B-4F61-41F3-A83E-CE6575BCCF6F}.Android|Any CPU.Build.0 = Android|Any CPU
		{975CA08B-4F61-41F3-A83E-CE6575BCCF6F}.Android|Mixed Platforms.ActiveCfg = Android|Any CPU
		{975CA08B-4F61-41F3-A83E-CE6575BCCF6F}.Android|Mixed Platforms.Build.0 = Android|Any CPU
		{975CA08B-4F61-41F3-A83E-CE6575BCCF6F}.Android|x86.ActiveCfg = Android|Any CPU
		{975CA08B-4F61-41F3-A83E-CE6575BCCF6F}.Debug Auto Tournament|Any CPU.ActiveCfg = PSM|Any CPU
		{975CA08B-4F61-41F3-A83E-CE6575BCCF6F}.Debug Auto Tournament|Any CPU.Build.0 = PSM|Any CPU
		{975CA08B-4F61-41F3-A83E-CE6575BCCF6F}.Debug Auto Tournament|Mixed Platforms.ActiveCfg = PSM|Any CPU
		{975CA08B-4F61-41F3-A83E-CE6575BCCF6F}.Debug Auto Tournament|Mixed Platforms.Build.0 = PSM|Any CPU
		{975CA08B-4F61-41F3-A83E-CE6575BCCF6F}.Debug Auto Tournament|x86.ActiveCfg = PSM|Any CPU
		{975CA08B-4F61-41F3-A83E-CE6575BCCF6F}.Debug verbose|Any CPU.ActiveCfg = PSM|Any CPU
		{975CA08B-4F61-41F3-A83E-CE6575BCCF6F}.Debug verbose|Any CPU.Build.0 = PSM|Any CPU
		{975CA08B-4F61-41F3-A83E-CE6575BCCF6F}.Debug verbose|Mixed Platforms.ActiveCfg = PSM|Any CPU
		{975CA08B-4F61-41F3-A83E-CE6575BCCF6F}.Debug verbose|Mixed Platforms.Build.0 = PSM|Any CPU
		{975CA08B-4F61-41F3-A83E-CE6575BCCF6F}.Debug verbose|x86.ActiveCfg = PSM|Any CPU
		{975CA08B-4F61-41F3-A83E-CE6575BCCF6F}.Debug|Any CPU.ActiveCfg = PSM|Any CPU
		{975CA08B-4F61-41F3-A83E-CE6575BCCF6F}.Debug|Any CPU.Build.0 = PSM|Any CPU
		{975CA08B-4F61-41F3-A83E-CE6575BCCF6F}.Debug|Mixed Platforms.ActiveCfg = PSM|Any CPU
		{975CA08B-4F61-41F3-A83E-CE6575BCCF6F}.Debug|Mixed Platforms.Build.0 = PSM|Any CPU
		{975CA08B-4F61-41F3-A83E-CE6575BCCF6F}.Debug|x86.ActiveCfg = PSM|Any CPU
		{975CA08B-4F61-41F3-A83E-CE6575BCCF6F}.iOS|Any CPU.ActiveCfg = iOS|Any CPU
		{975CA08B-4F61-41F3-A83E-CE6575BCCF6F}.iOS|Any CPU.Build.0 = iOS|Any CPU
		{975CA08B-4F61-41F3-A83E-CE6575BCCF6F}.iOS|Mixed Platforms.ActiveCfg = iOS|Any CPU
		{975CA08B-4F61-41F3-A83E-CE6575BCCF6F}.iOS|Mixed Platforms.Build.0 = iOS|Any CPU
		{975CA08B-4F61-41F3-A83E-CE6575BCCF6F}.iOS|x86.ActiveCfg = iOS|Any CPU
		{975CA08B-4F61-41F3-A83E-CE6575BCCF6F}.Linux|Any CPU.ActiveCfg = Linux|Any CPU
		{975CA08B-4F61-41F3-A83E-CE6575BCCF6F}.Linux|Any CPU.Build.0 = Linux|Any CPU
		{975CA08B-4F61-41F3-A83E-CE6575BCCF6F}.Linux|Mixed Platforms.ActiveCfg = Linux|Any CPU
		{975CA08B-4F61-41F3-A83E-CE6575BCCF6F}.Linux|Mixed Platforms.Build.0 = Linux|Any CPU
		{975CA08B-4F61-41F3-A83E-CE6575BCCF6F}.Linux|x86.ActiveCfg = Linux|Any CPU
		{975CA08B-4F61-41F3-A83E-CE6575BCCF6F}.OSX|Any CPU.ActiveCfg = OSX|Any CPU
		{975CA08B-4F61-41F3-A83E-CE6575BCCF6F}.OSX|Any CPU.Build.0 = OSX|Any CPU
		{975CA08B-4F61-41F3-A83E-CE6575BCCF6F}.OSX|Mixed Platforms.ActiveCfg = OSX|Any CPU
		{975CA08B-4F61-41F3-A83E-CE6575BCCF6F}.OSX|Mixed Platforms.Build.0 = OSX|Any CPU
		{975CA08B-4F61-41F3-A83E-CE6575BCCF6F}.OSX|x86.ActiveCfg = OSX|Any CPU
		{975CA08B-4F61-41F3-A83E-CE6575BCCF6F}.PSM|Any CPU.ActiveCfg = PSM|Any CPU
		{975CA08B-4F61-41F3-A83E-CE6575BCCF6F}.PSM|Any CPU.Build.0 = PSM|Any CPU
		{975CA08B-4F61-41F3-A83E-CE6575BCCF6F}.PSM|Mixed Platforms.ActiveCfg = PSM|Any CPU
		{975CA08B-4F61-41F3-A83E-CE6575BCCF6F}.PSM|Mixed Platforms.Build.0 = PSM|Any CPU
		{975CA08B-4F61-41F3-A83E-CE6575BCCF6F}.PSM|x86.ActiveCfg = PSM|Any CPU
		{975CA08B-4F61-41F3-A83E-CE6575BCCF6F}.Release server|Any CPU.ActiveCfg = PSM|Any CPU
		{975CA08B-4F61-41F3-A83E-CE6575BCCF6F}.Release server|Any CPU.Build.0 = PSM|Any CPU
		{975CA08B-4F61-41F3-A83E-CE6575BCCF6F}.Release server|Mixed Platforms.ActiveCfg = PSM|Any CPU
		{975CA08B-4F61-41F3-A83E-CE6575BCCF6F}.Release server|Mixed Platforms.Build.0 = PSM|Any CPU
		{975CA08B-4F61-41F3-A83E-CE6575BCCF6F}.Release server|x86.ActiveCfg = PSM|Any CPU
		{975CA08B-4F61-41F3-A83E-CE6575BCCF6F}.Release|Any CPU.ActiveCfg = PSM|Any CPU
		{975CA08B-4F61-41F3-A83E-CE6575BCCF6F}.Release|Any CPU.Build.0 = PSM|Any CPU
		{975CA08B-4F61-41F3-A83E-CE6575BCCF6F}.Release|Mixed Platforms.ActiveCfg = PSM|Any CPU
		{975CA08B-4F61-41F3-A83E-CE6575BCCF6F}.Release|Mixed Platforms.Build.0 = PSM|Any CPU
		{975CA08B-4F61-41F3-A83E-CE6575BCCF6F}.Release|x86.ActiveCfg = PSM|Any CPU
		{975CA08B-4F61-41F3-A83E-CE6575BCCF6F}.Windows|Any CPU.ActiveCfg = Windows|Any CPU
		{975CA08B-4F61-41F3-A83E-CE6575BCCF6F}.Windows|Any CPU.Build.0 = Windows|Any CPU
		{975CA08B-4F61-41F3-A83E-CE6575BCCF6F}.Windows|Mixed Platforms.ActiveCfg = Windows|Any CPU
		{975CA08B-4F61-41F3-A83E-CE6575BCCF6F}.Windows|Mixed Platforms.Build.0 = Windows|Any CPU
		{975CA08B-4F61-41F3-A83E-CE6575BCCF6F}.Windows|x86.ActiveCfg = Windows|Any CPU
		{975CA08B-4F61-41F3-A83E-CE6575BCCF6F}.Windows8|Any CPU.ActiveCfg = Windows8|Any CPU
		{975CA08B-4F61-41F3-A83E-CE6575BCCF6F}.Windows8|Any CPU.Build.0 = Windows8|Any CPU
		{975CA08B-4F61-41F3-A83E-CE6575BCCF6F}.Windows8|Mixed Platforms.ActiveCfg = Windows8|Any CPU
		{975CA08B-4F61-41F3-A83E-CE6575BCCF6F}.Windows8|Mixed Platforms.Build.0 = Windows8|Any CPU
		{975CA08B-4F61-41F3-A83E-CE6575BCCF6F}.Windows8|x86.ActiveCfg = Windows8|Any CPU
		{E26119DA-2BD4-422E-84FF-E89757FA8F96}.Android|Any CPU.ActiveCfg = Android|Any CPU
		{E26119DA-2BD4-422E-84FF-E89757FA8F96}.Android|Mixed Platforms.ActiveCfg = Android|Any CPU
		{E26119DA-2BD4-422E-84FF-E89757FA8F96}.Android|x86.ActiveCfg = Android|Any CPU
		{E26119DA-2BD4-422E-84FF-E89757FA8F96}.Debug Auto Tournament|Any CPU.ActiveCfg = PSM|Any CPU
		{E26119DA-2BD4-422E-84FF-E89757FA8F96}.Debug Auto Tournament|Mixed Platforms.ActiveCfg = PSM|Any CPU
		{E26119DA-2BD4-422E-84FF-E89757FA8F96}.Debug Auto Tournament|x86.ActiveCfg = PSM|Any CPU
		{E26119DA-2BD4-422E-84FF-E89757FA8F96}.Debug verbose|Any CPU.ActiveCfg = PSM|Any CPU
		{E26119DA-2BD4-422E-84FF-E89757FA8F96}.Debug verbose|Mixed Platforms.ActiveCfg = PSM|Any CPU
		{E26119DA-2BD4-422E-84FF-E89757FA8F96}.Debug verbose|x86.ActiveCfg = PSM|Any CPU
		{E26119DA-2BD4-422E-84FF-E89757FA8F96}.Debug|Any CPU.ActiveCfg = PSM|Any CPU
		{E26119DA-2BD4-422E-84FF-E89757FA8F96}.Debug|Mixed Platforms.ActiveCfg = PSM|Any CPU
		{E26119DA-2BD4-422E-84FF-E89757FA8F96}.Debug|x86.ActiveCfg = PSM|Any CPU
		{E26119DA-2BD4-422E-84FF-E89757FA8F96}.iOS|Any CPU.ActiveCfg = iOS|Any CPU
		{E26119DA-2BD4-422E-84FF-E89757FA8F96}.iOS|Mixed Platforms.ActiveCfg = iOS|Any CPU
		{E26119DA-2BD4-422E-84FF-E89757FA8F96}.iOS|x86.ActiveCfg = iOS|Any CPU
		{E26119DA-2BD4-422E-84FF-E89757FA8F96}.Linux|Any CPU.ActiveCfg = Linux|Any CPU
		{E26119DA-2BD4-422E-84FF-E89757FA8F96}.Linux|Mixed Platforms.ActiveCfg = Linux|Any CPU
		{E26119DA-2BD4-422E-84FF-E89757FA8F96}.Linux|x86.ActiveCfg = Linux|Any CPU
		{E26119DA-2BD4-422E-84FF-E89757FA8F96}.OSX|Any CPU.ActiveCfg = OSX|Any CPU
		{E26119DA-2BD4-422E-84FF-E89757FA8F96}.OSX|Mixed Platforms.ActiveCfg = OSX|Any CPU
		{E26119DA-2BD4-422E-84FF-E89757FA8F96}.OSX|x86.ActiveCfg = OSX|Any CPU
		{E26119DA-2BD4-422E-84FF-E89757FA8F96}.PSM|Any CPU.ActiveCfg = PSM|Any CPU
		{E26119DA-2BD4-422E-84FF-E89757FA8F96}.PSM|Mixed Platforms.ActiveCfg = PSM|Any CPU
		{E26119DA-2BD4-422E-84FF-E89757FA8F96}.PSM|x86.ActiveCfg = PSM|Any CPU
		{E26119DA-2BD4-422E-84FF-E89757FA8F96}.Release server|Any CPU.ActiveCfg = PSM|Any CPU
		{E26119DA-2BD4-422E-84FF-E89757FA8F96}.Release server|Mixed Platforms.ActiveCfg = PSM|Any CPU
		{E26119DA-2BD4-422E-84FF-E89757FA8F96}.Release server|x86.ActiveCfg = PSM|Any CPU
		{E26119DA-2BD4-422E-84FF-E89757FA8F96}.Release|Any CPU.ActiveCfg = PSM|Any CPU
		{E26119DA-2BD4-422E-84FF-E89757FA8F96}.Release|Mixed Platforms.ActiveCfg = PSM|Any CPU
		{E26119DA-2BD4-422E-84FF-E89757FA8F96}.Release|x86.ActiveCfg = PSM|Any CPU
		{E26119DA-2BD4-422E-84FF-E89757FA8F96}.Windows|Any CPU.ActiveCfg = Windows|Any CPU
		{E26119DA-2BD4-422E-84FF-E89757FA8F96}.Windows|Mixed Platforms.ActiveCfg = Windows|Any CPU
		{E26119DA-2BD4-422E-84FF-E89757FA8F96}.Windows|x86.ActiveCfg = Windows|Any CPU
		{E26119DA-2BD4-422E-84FF-E89757FA8F96}.Windows8|Any CPU.ActiveCfg = Windows8|Any CPU
		{E26119DA-2BD4-422E-84FF-E89757FA8F96}.Windows8|Mixed Platforms.ActiveCfg = Windows8|Any CPU
		{E26119DA-2BD4-422E-84FF-E89757FA8F96}.Windows8|x86.ActiveCfg = Windows8|Any CPU
	EndGlobalSection
	GlobalSection(SolutionProperties) = preSolution
		HideSolutionNode = FALSE
	EndGlobalSection
EndGlobal
