Microsoft Visual Studio Solution File, Format Version 12.00
# Visual Studio Express 2012 for Windows Desktop
Project("{FAE04EC0-301F-11D3-BF4B-00C04F79EFBC}") = "Application", "Application\Application.csproj", "{18778980-1C5A-45D5-B230-92309497A3C9}"
	ProjectSection(ProjectDependencies) = postProject
		{49BA1C69-6104-41AC-A5D8-B54FA9F696E8} = {49BA1C69-6104-41AC-A5D8-B54FA9F696E8}
	EndProjectSection
EndProject
Project("{FAE04EC0-301F-11D3-BF4B-00C04F79EFBC}") = "SATTest", "SATTest\SATTest.csproj", "{48F4AD64-3E45-4058-B8BD-45061392C046}"
EndProject
Project("{FAE04EC0-301F-11D3-BF4B-00C04F79EFBC}") = "Tests", "Tests\Tests.csproj", "{B89D9E6F-8879-45F3-AB7F-82932A94BA78}"
EndProject
Project("{2150E333-8FDC-42A3-9474-1A3956D46DE8}") = "Solution Items", "Solution Items", "{63837866-78D1-459B-AC67-F7194D53D44B}"
	ProjectSection(SolutionItems) = preProject
		Local.testsettings = Local.testsettings
		Orbit.vsmdi = Orbit.vsmdi
		TraceAndTestImpact.testsettings = TraceAndTestImpact.testsettings
	EndProjectSection
EndProject
Project("{FAE04EC0-301F-11D3-BF4B-00C04F79EFBC}") = "MasterServer", "MasterServer\MasterServer.csproj", "{6F766DC5-82F2-4B4E-868D-45E70BFCDA4D}"
EndProject
Project("{FAE04EC0-301F-11D3-BF4B-00C04F79EFBC}") = "Lidgren.Network", "Lidgren.Network\Lidgren.Network.csproj", "{49BA1C69-6104-41AC-A5D8-B54FA9F696E8}"
EndProject
Global
	GlobalSection(TestCaseManagementSettings) = postSolution
		CategoryFile = Orbit.vsmdi
	EndGlobalSection
	GlobalSection(SolutionConfigurationPlatforms) = preSolution
		Debug verbose|Any CPU = Debug verbose|Any CPU
		Debug verbose|Mixed Platforms = Debug verbose|Mixed Platforms
		Debug verbose|x86 = Debug verbose|x86
		Debug|Any CPU = Debug|Any CPU
		Debug|Mixed Platforms = Debug|Mixed Platforms
		Debug|x86 = Debug|x86
		Release|Any CPU = Release|Any CPU
		Release|Mixed Platforms = Release|Mixed Platforms
		Release|x86 = Release|x86
	EndGlobalSection
	GlobalSection(ProjectConfigurationPlatforms) = postSolution
		{18778980-1C5A-45D5-B230-92309497A3C9}.Debug verbose|Any CPU.ActiveCfg = Release|x86
		{18778980-1C5A-45D5-B230-92309497A3C9}.Debug verbose|Any CPU.Build.0 = Release|x86
		{18778980-1C5A-45D5-B230-92309497A3C9}.Debug verbose|Mixed Platforms.ActiveCfg = Release|x86
		{18778980-1C5A-45D5-B230-92309497A3C9}.Debug verbose|Mixed Platforms.Build.0 = Release|x86
		{18778980-1C5A-45D5-B230-92309497A3C9}.Debug verbose|x86.ActiveCfg = Debug verbose|x86
		{18778980-1C5A-45D5-B230-92309497A3C9}.Debug verbose|x86.Build.0 = Debug verbose|x86
		{18778980-1C5A-45D5-B230-92309497A3C9}.Debug|Any CPU.ActiveCfg = Release|x86
		{18778980-1C5A-45D5-B230-92309497A3C9}.Debug|Any CPU.Build.0 = Release|x86
		{18778980-1C5A-45D5-B230-92309497A3C9}.Debug|Mixed Platforms.ActiveCfg = Debug|x86
		{18778980-1C5A-45D5-B230-92309497A3C9}.Debug|Mixed Platforms.Build.0 = Debug|x86
		{18778980-1C5A-45D5-B230-92309497A3C9}.Debug|x86.ActiveCfg = Debug|x86
		{18778980-1C5A-45D5-B230-92309497A3C9}.Debug|x86.Build.0 = Debug|x86
		{18778980-1C5A-45D5-B230-92309497A3C9}.Release|Any CPU.ActiveCfg = Release|x86
		{18778980-1C5A-45D5-B230-92309497A3C9}.Release|Any CPU.Build.0 = Release|x86
		{18778980-1C5A-45D5-B230-92309497A3C9}.Release|Mixed Platforms.ActiveCfg = Release|x86
		{18778980-1C5A-45D5-B230-92309497A3C9}.Release|Mixed Platforms.Build.0 = Release|x86
		{18778980-1C5A-45D5-B230-92309497A3C9}.Release|x86.ActiveCfg = Release|x86
		{18778980-1C5A-45D5-B230-92309497A3C9}.Release|x86.Build.0 = Release|x86
		{48F4AD64-3E45-4058-B8BD-45061392C046}.Debug verbose|Any CPU.ActiveCfg = Release|x86
		{48F4AD64-3E45-4058-B8BD-45061392C046}.Debug verbose|Mixed Platforms.ActiveCfg = Release|x86
		{48F4AD64-3E45-4058-B8BD-45061392C046}.Debug verbose|x86.ActiveCfg = Debug|x86
		{48F4AD64-3E45-4058-B8BD-45061392C046}.Debug|Any CPU.ActiveCfg = Release|x86
		{48F4AD64-3E45-4058-B8BD-45061392C046}.Debug|Mixed Platforms.ActiveCfg = Release|x86
		{48F4AD64-3E45-4058-B8BD-45061392C046}.Debug|x86.ActiveCfg = Debug|x86
		{48F4AD64-3E45-4058-B8BD-45061392C046}.Release|Any CPU.ActiveCfg = Release|x86
		{48F4AD64-3E45-4058-B8BD-45061392C046}.Release|Mixed Platforms.ActiveCfg = Release|x86
		{48F4AD64-3E45-4058-B8BD-45061392C046}.Release|x86.ActiveCfg = Release|x86
		{B89D9E6F-8879-45F3-AB7F-82932A94BA78}.Debug verbose|Any CPU.ActiveCfg = Release|Any CPU
		{B89D9E6F-8879-45F3-AB7F-82932A94BA78}.Debug verbose|Mixed Platforms.ActiveCfg = Release|Any CPU
		{B89D9E6F-8879-45F3-AB7F-82932A94BA78}.Debug verbose|x86.ActiveCfg = Debug|Any CPU
		{B89D9E6F-8879-45F3-AB7F-82932A94BA78}.Debug|Any CPU.ActiveCfg = Release|Any CPU
		{B89D9E6F-8879-45F3-AB7F-82932A94BA78}.Debug|Mixed Platforms.ActiveCfg = Release|Any CPU
		{B89D9E6F-8879-45F3-AB7F-82932A94BA78}.Debug|x86.ActiveCfg = Debug|Any CPU
		{B89D9E6F-8879-45F3-AB7F-82932A94BA78}.Release|Any CPU.ActiveCfg = Release|Any CPU
		{B89D9E6F-8879-45F3-AB7F-82932A94BA78}.Release|Mixed Platforms.ActiveCfg = Release|Any CPU
		{B89D9E6F-8879-45F3-AB7F-82932A94BA78}.Release|x86.ActiveCfg = Release|Any CPU
		{6F766DC5-82F2-4B4E-868D-45E70BFCDA4D}.Debug verbose|Any CPU.ActiveCfg = Debug|Any CPU
		{6F766DC5-82F2-4B4E-868D-45E70BFCDA4D}.Debug verbose|Any CPU.Build.0 = Debug|Any CPU
		{6F766DC5-82F2-4B4E-868D-45E70BFCDA4D}.Debug verbose|Mixed Platforms.ActiveCfg = Debug|Any CPU
		{6F766DC5-82F2-4B4E-868D-45E70BFCDA4D}.Debug verbose|Mixed Platforms.Build.0 = Debug|Any CPU
		{6F766DC5-82F2-4B4E-868D-45E70BFCDA4D}.Debug verbose|x86.ActiveCfg = Debug|Any CPU
		{6F766DC5-82F2-4B4E-868D-45E70BFCDA4D}.Debug verbose|x86.Build.0 = Debug|Any CPU
		{6F766DC5-82F2-4B4E-868D-45E70BFCDA4D}.Debug|Any CPU.ActiveCfg = Debug|Any CPU
		{6F766DC5-82F2-4B4E-868D-45E70BFCDA4D}.Debug|Any CPU.Build.0 = Debug|Any CPU
		{6F766DC5-82F2-4B4E-868D-45E70BFCDA4D}.Debug|Mixed Platforms.ActiveCfg = Debug|Any CPU
		{6F766DC5-82F2-4B4E-868D-45E70BFCDA4D}.Debug|Mixed Platforms.Build.0 = Debug|Any CPU
		{6F766DC5-82F2-4B4E-868D-45E70BFCDA4D}.Debug|x86.ActiveCfg = Debug|Any CPU
		{6F766DC5-82F2-4B4E-868D-45E70BFCDA4D}.Debug|x86.Build.0 = Debug|Any CPU
		{6F766DC5-82F2-4B4E-868D-45E70BFCDA4D}.Release|Any CPU.ActiveCfg = Debug|Any CPU
		{6F766DC5-82F2-4B4E-868D-45E70BFCDA4D}.Release|Mixed Platforms.ActiveCfg = Debug|Any CPU
		{6F766DC5-82F2-4B4E-868D-45E70BFCDA4D}.Release|x86.ActiveCfg = Debug|Any CPU
		{49BA1C69-6104-41AC-A5D8-B54FA9F696E8}.Debug verbose|Any CPU.ActiveCfg = Debug|Any CPU
		{49BA1C69-6104-41AC-A5D8-B54FA9F696E8}.Debug verbose|Any CPU.Build.0 = Debug|Any CPU
		{49BA1C69-6104-41AC-A5D8-B54FA9F696E8}.Debug verbose|Mixed Platforms.ActiveCfg = Debug|Any CPU
		{49BA1C69-6104-41AC-A5D8-B54FA9F696E8}.Debug verbose|Mixed Platforms.Build.0 = Debug|Any CPU
		{49BA1C69-6104-41AC-A5D8-B54FA9F696E8}.Debug verbose|x86.ActiveCfg = Debug|Any CPU
		{49BA1C69-6104-41AC-A5D8-B54FA9F696E8}.Debug verbose|x86.Build.0 = Debug|Any CPU
		{49BA1C69-6104-41AC-A5D8-B54FA9F696E8}.Debug|Any CPU.ActiveCfg = Debug|Any CPU
		{49BA1C69-6104-41AC-A5D8-B54FA9F696E8}.Debug|Any CPU.Build.0 = Debug|Any CPU
		{49BA1C69-6104-41AC-A5D8-B54FA9F696E8}.Debug|Mixed Platforms.ActiveCfg = Debug|Any CPU
		{49BA1C69-6104-41AC-A5D8-B54FA9F696E8}.Debug|Mixed Platforms.Build.0 = Debug|Any CPU
		{49BA1C69-6104-41AC-A5D8-B54FA9F696E8}.Debug|x86.ActiveCfg = Debug|Any CPU
		{49BA1C69-6104-41AC-A5D8-B54FA9F696E8}.Debug|x86.Build.0 = Debug|Any CPU
		{49BA1C69-6104-41AC-A5D8-B54FA9F696E8}.Release|Any CPU.ActiveCfg = Release|Any CPU
		{49BA1C69-6104-41AC-A5D8-B54FA9F696E8}.Release|Any CPU.Build.0 = Release|Any CPU
		{49BA1C69-6104-41AC-A5D8-B54FA9F696E8}.Release|Mixed Platforms.ActiveCfg = Release|Any CPU
		{49BA1C69-6104-41AC-A5D8-B54FA9F696E8}.Release|Mixed Platforms.Build.0 = Release|Any CPU
		{49BA1C69-6104-41AC-A5D8-B54FA9F696E8}.Release|x86.ActiveCfg = Release|Any CPU
		{49BA1C69-6104-41AC-A5D8-B54FA9F696E8}.Release|x86.Build.0 = Release|Any CPU
	EndGlobalSection
	GlobalSection(SolutionProperties) = preSolution
		HideSolutionNode = FALSE
	EndGlobalSection
EndGlobal
